
Microsoft Visual Studio Solution File, Format Version 12.00
# Visual Studio 2012
Project("{FAE04EC0-301F-11D3-BF4B-00C04F79EFBC}") = "Keyboards", "Keyboards\Keyboards.csproj", "{29998B2D-8FA3-479B-A2A4-2B00D58ECF9D}"
EndProject
Project("{FAE04EC0-301F-11D3-BF4B-00C04F79EFBC}") = "LKParser", "LKParser\LKParser.csproj", "{7A30B5AA-C7FD-4CB5-BA75-CD85783C7AAB}"
EndProject
Global
	GlobalSection(SolutionConfigurationPlatforms) = preSolution
		Debug|Any CPU = Debug|Any CPU
		Release|Any CPU = Release|Any CPU
	EndGlobalSection
	GlobalSection(ProjectConfigurationPlatforms) = postSolution
		{29998B2D-8FA3-479B-A2A4-2B00D58ECF9D}.Debug|Any CPU.ActiveCfg = Debug|Any CPU
		{29998B2D-8FA3-479B-A2A4-2B00D58ECF9D}.Debug|Any CPU.Build.0 = Debug|Any CPU
		{29998B2D-8FA3-479B-A2A4-2B00D58ECF9D}.Release|Any CPU.ActiveCfg = Release|Any CPU
		{29998B2D-8FA3-479B-A2A4-2B00D58ECF9D}.Release|Any CPU.Build.0 = Release|Any CPU
		{7A30B5AA-C7FD-4CB5-BA75-CD85783C7AAB}.Debug|Any CPU.ActiveCfg = Debug|Any CPU
		{7A30B5AA-C7FD-4CB5-BA75-CD85783C7AAB}.Debug|Any CPU.Build.0 = Debug|Any CPU
		{7A30B5AA-C7FD-4CB5-BA75-CD85783C7AAB}.Release|Any CPU.ActiveCfg = Release|Any CPU
		{7A30B5AA-C7FD-4CB5-BA75-CD85783C7AAB}.Release|Any CPU.Build.0 = Release|Any CPU
	EndGlobalSection
	GlobalSection(SolutionProperties) = preSolution
		HideSolutionNode = FALSE
	EndGlobalSection
EndGlobal
